[{<<"cowboy">>,
  {git,"https://github.com/ninenines/cowboy.git",
       {ref,"dbb636034f20736e16eb9d6c809217c9525b6cbd"}},
  0},
 {<<"cowlib">>,
  {git,"https://github.com/ninenines/cowlib",
       {ref,"b5d5d674b160433f9ddf18e5b034cceb8f2bdab4"}},
  1},
 {<<"epgsql">>,
  {git,"https://github.com/epgsql/epgsql.git",
       {ref,"b4bbfdabbeef91ea2586fb00518e7595af24df49"}},
  0},
 {<<"episcina">>,
  {git,"https://github.com/erlware/episcina.git",
       {ref,"77304e8bd45c19832887175327a780bc0bb72802"}},
  0},
 {<<"erlydtl">>,
  {git,"https://github.com/erlydtl/erlydtl.git",
       {ref,"7633fb92bd4b55ece10ccd0deb235a2c88150940"}},
  0},
 {<<"goldrush">>,
  {git,"git://github.com/DeadZen/goldrush.git",
       {ref,"212299233c7e7eb63a97be2777e1c05ebaa58dbe"}},
  1},
 {<<"gproc">>,{pkg,<<"gproc">>,<<"0.3.1">>},1},
 {<<"jsx">>,
  {git,"https://github.com/talentdeficit/jsx.git",
       {ref,"3074d4865b3385a050badf7828ad31490d860df5"}},
  0},
 {<<"lager">>,
  {git,"https://github.com/basho/lager",
       {ref,"45fe95ba6cd964b7a667394c4e671a5afe8f5a42"}},
  0},
 {<<"ranch">>,
  {git,"https://github.com/ninenines/ranch",
       {ref,"741bfb73ca663394ecf7a73410506d66f01985a6"}},
  1}].
